
Microsoft Visual Studio Solution File, Format Version 12.00
# Visual Studio Version 17
VisualStudioVersion = 17.8.34330.188
MinimumVisualStudioVersion = 10.0.40219.1
Project("{9A19103F-16F7-4668-BE54-9A1E7A4F7556}") = "SPEN-To-PC-WindowsApp", "SPEN-To-PC-WindowsApp.csproj", "{6A380B17-2C06-421C-A7BB-F68231E995DC}"
EndProject
Project("{840C416C-B8F3-42BC-B0DD-F6BB14C9F8CB}") = "Setup", "Setup\Setup.aiproj", "{E868D153-D962-49F1-A868-3BD776B8AAA7}"
EndProject
Global
	GlobalSection(SolutionConfigurationPlatforms) = preSolution
		All|Any CPU = All|Any CPU
		Debug|Any CPU = Debug|Any CPU
		DefaultBuild|Any CPU = DefaultBuild|Any CPU
		Release|Any CPU = Release|Any CPU
	EndGlobalSection
	GlobalSection(ProjectConfigurationPlatforms) = postSolution
		{6A380B17-2C06-421C-A7BB-F68231E995DC}.All|Any CPU.ActiveCfg = Release|Any CPU
		{6A380B17-2C06-421C-A7BB-F68231E995DC}.All|Any CPU.Build.0 = Release|Any CPU
		{6A380B17-2C06-421C-A7BB-F68231E995DC}.Debug|Any CPU.ActiveCfg = Debug|Any CPU
		{6A380B17-2C06-421C-A7BB-F68231E995DC}.Debug|Any CPU.Build.0 = Debug|Any CPU
		{6A380B17-2C06-421C-A7BB-F68231E995DC}.DefaultBuild|Any CPU.ActiveCfg = Debug|Any CPU
		{6A380B17-2C06-421C-A7BB-F68231E995DC}.DefaultBuild|Any CPU.Build.0 = Debug|Any CPU
		{6A380B17-2C06-421C-A7BB-F68231E995DC}.Release|Any CPU.ActiveCfg = Release|Any CPU
		{6A380B17-2C06-421C-A7BB-F68231E995DC}.Release|Any CPU.Build.0 = Release|Any CPU
		{E868D153-D962-49F1-A868-3BD776B8AAA7}.All|Any CPU.ActiveCfg = DefaultBuild
		{E868D153-D962-49F1-A868-3BD776B8AAA7}.All|Any CPU.Build.0 = DefaultBuild
		{E868D153-D962-49F1-A868-3BD776B8AAA7}.Debug|Any CPU.ActiveCfg = DefaultBuild
		{E868D153-D962-49F1-A868-3BD776B8AAA7}.Debug|Any CPU.Build.0 = DefaultBuild
		{E868D153-D962-49F1-A868-3BD776B8AAA7}.DefaultBuild|Any CPU.ActiveCfg = DefaultBuild
		{E868D153-D962-49F1-A868-3BD776B8AAA7}.DefaultBuild|Any CPU.Build.0 = DefaultBuild
		{E868D153-D962-49F1-A868-3BD776B8AAA7}.Release|Any CPU.ActiveCfg = DefaultBuild
		{E868D153-D962-49F1-A868-3BD776B8AAA7}.Release|Any CPU.Build.0 = DefaultBuild
	EndGlobalSection
	GlobalSection(SolutionProperties) = preSolution
		HideSolutionNode = FALSE
	EndGlobalSection
	GlobalSection(ExtensibilityGlobals) = postSolution
		SolutionGuid = {D60C6351-0E07-49F4-BED2-89D4AEF5524D}
	EndGlobalSection
EndGlobal
